// !$*UTF8*$!
{
	archiveVersion = 1;
	classes = {};
	objectVersion = 56;
	objects = {

/* Begin PBXBuildFile section */
		FD47F4A565BC405981C064D6 /* AppState.swift in Sources */ = {isa = PBXBuildFile; fileRef = B7EC90B7D7C143F785CE85DA /* AppState.swift */; };
		D09D246F6B0C423681BE213A /* DawtApp.swift in Sources */ = {isa = PBXBuildFile; fileRef = FEDC2CC101C14122BC4A3CDB /* DawtApp.swift */; };
		64E163DBC1D845FABCC9B721 /* RootView.swift in Sources */ = {isa = PBXBuildFile; fileRef = 7705C8C913EC47989B065F59 /* RootView.swift */; };
		546CC9C8CBBB406589708502 /* DesignTokens.swift in Sources */ = {isa = PBXBuildFile; fileRef = 00F09AF8DEB541E9A86AEC1E /* DesignTokens.swift */; };
		744C2314C4B8498ABDE61C0D /* AccountViews.swift in Sources */ = {isa = PBXBuildFile; fileRef = 40C42FBE99014050B141AE81 /* AccountViews.swift */; };
		EE7DA96954E64352ACB90932 /* AssistantView.swift in Sources */ = {isa = PBXBuildFile; fileRef = 0806499315664DD4B45EA1D8 /* AssistantView.swift */; };
		8A93119D1345463A958DC153 /* CalendarView.swift in Sources */ = {isa = PBXBuildFile; fileRef = 51B5F0B8D1FE41D88EECA251 /* CalendarView.swift */; };
		B13857E5EA7D4C6FA6CE1310 /* DayLogView.swift in Sources */ = {isa = PBXBuildFile; fileRef = C8C78A5CC43B44DD99EA0F22 /* DayLogView.swift */; };
		AB0B0A01340F4623A518174E /* InsightsView.swift in Sources */ = {isa = PBXBuildFile; fileRef = A495840F6FF4450EA7651953 /* InsightsView.swift */; };
		BBF84CF49C0E4952BB6D43BD /* OnboardingFlowView.swift in Sources */ = {isa = PBXBuildFile; fileRef = F007F5130CBD48D8894C064B /* OnboardingFlowView.swift */; };
		2AD251683BFF4A0CAACF9E36 /* SettingsView.swift in Sources */ = {isa = PBXBuildFile; fileRef = 4CA85BA221E5455FB850473F /* SettingsView.swift */; };
		F98E26660F4940AB8BC36FE8 /* TodayView.swift in Sources */ = {isa = PBXBuildFile; fileRef = 5766DFD6AA0044B48F71411E /* TodayView.swift */; };
		17C54583F8A443D0B408052A /* Models.swift in Sources */ = {isa = PBXBuildFile; fileRef = D6589159AC784D0589F0EB81 /* Models.swift */; };
		D2F8AF1BF40F4BDDBD6EB91E /* AIProvider.swift in Sources */ = {isa = PBXBuildFile; fileRef = 03843E2A27F245A09198E0F5 /* AIProvider.swift */; };
		2CBD723CEC0B4085851AA1F5 /* AppleOnDeviceProvider.swift in Sources */ = {isa = PBXBuildFile; fileRef = 569E61B650774854BA24C6C6 /* AppleOnDeviceProvider.swift */; };
		CCEE003801E940C09E94EB79 /* GatewayAIProvider.swift in Sources */ = {isa = PBXBuildFile; fileRef = 999D7896E6E54848AAFE96D0 /* GatewayAIProvider.swift */; };
		332A81CB67354B5CA6F6FB03 /* MockAIProvider.swift in Sources */ = {isa = PBXBuildFile; fileRef = E92C8FEA0EDB4FE1BF725A4B /* MockAIProvider.swift */; };
		F4E9AB3E5F0C42F68D9F6E78 /* OpenCompatibleProvider.swift in Sources */ = {isa = PBXBuildFile; fileRef = FC3642B5ABEA4196A74EAD83 /* OpenCompatibleProvider.swift */; };
		8FC49D1F48794DDEB765FE76 /* CyclePredictionEngine.swift in Sources */ = {isa = PBXBuildFile; fileRef = 5270C197213540A896B3F0B1 /* CyclePredictionEngine.swift */; };
		BD325646014F44DE85EDF4A9 /* InsightEngine.swift in Sources */ = {isa = PBXBuildFile; fileRef = 682CF7E18A2F4A5E83CB8E00 /* InsightEngine.swift */; };
		0E93EFEB6DE343CE9E7CC31B /* LocalStore.swift in Sources */ = {isa = PBXBuildFile; fileRef = 1449F8181E5A4068BB9078D5 /* LocalStore.swift */; };
		75B2CF71AF074762A42BC287 /* NotificationScheduler.swift in Sources */ = {isa = PBXBuildFile; fileRef = 695F838A3D2F4794A6AA3B47 /* NotificationScheduler.swift */; };
		2FAC4FA2F2E840BBA75EC938 /* AuthService.swift in Sources */ = {isa = PBXBuildFile; fileRef = A9F6D4EC15B947B6A356A407 /* AuthService.swift */; };
		36F7449EB9304B2F949FE215 /* PartnerService.swift in Sources */ = {isa = PBXBuildFile; fileRef = 24EF8BE8BA5F4CA397F30F85 /* PartnerService.swift */; };
		6073A5BAF6EC488BAD235C0D /* SupabaseClient.swift in Sources */ = {isa = PBXBuildFile; fileRef = 26086E2730D84244A03D6A38 /* SupabaseClient.swift */; };
		470B8F72C1994F60B3BFCAE1 /* SupabaseConfig.swift in Sources */ = {isa = PBXBuildFile; fileRef = B05868010C024A68A670A6F0 /* SupabaseConfig.swift */; };
		49C19886CE1144E8B18F5F30 /* SymptomCatalog.swift in Sources */ = {isa = PBXBuildFile; fileRef = B13D7352D998412D9568E768 /* SymptomCatalog.swift */; };
		9985FE182ED94AABB700CC28 /* SyncService.swift in Sources */ = {isa = PBXBuildFile; fileRef = 7C4957D86C19430DB6CBEF36 /* SyncService.swift */; };
		4066A31FB824463297881EEB /* TrendsEngine.swift in Sources */ = {isa = PBXBuildFile; fileRef = 1849EE64180445DDBCEF2E65 /* TrendsEngine.swift */; };
		4351226A9D4D45FA9EAFB6E6 /* Assets.xcassets in Resources */ = {isa = PBXBuildFile; fileRef = DEE464EDAC364D9FBEBCE900 /* Assets.xcassets */; };
		6F8F826645ED439AA5FD9A15 /* CyclePredictionEngineTests.swift in Sources */ = {isa = PBXBuildFile; fileRef = B986EA6363644ACCA32602DE /* CyclePredictionEngineTests.swift */; };
/* End PBXBuildFile section */

/* Begin PBXContainerItemProxy section */
		FE4625AD5019462A9DA00F44 /* PBXContainerItemProxy */ = {isa = PBXContainerItemProxy; containerPortal = 64A392F797364EB196DFF25C /* Project object */; proxyType = 1; remoteGlobalIDString = B454FB5660A84E34B2E993BD; remoteInfo = Dawt; };
/* End PBXContainerItemProxy section */

/* Begin PBXTargetDependency section */
		4E81968D307E4E7E9F845916 /* PBXTargetDependency */ = {isa = PBXTargetDependency; target = B454FB5660A84E34B2E993BD /* Dawt */; targetProxy = FE4625AD5019462A9DA00F44 /* PBXContainerItemProxy */; };
/* End PBXTargetDependency section */

/* Begin PBXFileReference section */
		B7EC90B7D7C143F785CE85DA /* AppState.swift */ = {isa = PBXFileReference; lastKnownFileType = sourcecode.swift; name = "AppState.swift"; path = "Dawt/App/AppState.swift"; sourceTree = "<group>"; };
		FEDC2CC101C14122BC4A3CDB /* DawtApp.swift */ = {isa = PBXFileReference; lastKnownFileType = sourcecode.swift; name = "DawtApp.swift"; path = "Dawt/App/DawtApp.swift"; sourceTree = "<group>"; };
		7705C8C913EC47989B065F59 /* RootView.swift */ = {isa = PBXFileReference; lastKnownFileType = sourcecode.swift; name = "RootView.swift"; path = "Dawt/App/RootView.swift"; sourceTree = "<group>"; };
		00F09AF8DEB541E9A86AEC1E /* DesignTokens.swift */ = {isa = PBXFileReference; lastKnownFileType = sourcecode.swift; name = "DesignTokens.swift"; path = "Dawt/Design/DesignTokens.swift"; sourceTree = "<group>"; };
		40C42FBE99014050B141AE81 /* AccountViews.swift */ = {isa = PBXFileReference; lastKnownFileType = sourcecode.swift; name = "AccountViews.swift"; path = "Dawt/Features/Account/AccountViews.swift"; sourceTree = "<group>"; };
		0806499315664DD4B45EA1D8 /* AssistantView.swift */ = {isa = PBXFileReference; lastKnownFileType = sourcecode.swift; name = "AssistantView.swift"; path = "Dawt/Features/Assistant/AssistantView.swift"; sourceTree = "<group>"; };
		51B5F0B8D1FE41D88EECA251 /* CalendarView.swift */ = {isa = PBXFileReference; lastKnownFileType = sourcecode.swift; name = "CalendarView.swift"; path = "Dawt/Features/Calendar/CalendarView.swift"; sourceTree = "<group>"; };
		C8C78A5CC43B44DD99EA0F22 /* DayLogView.swift */ = {isa = PBXFileReference; lastKnownFileType = sourcecode.swift; name = "DayLogView.swift"; path = "Dawt/Features/DayLog/DayLogView.swift"; sourceTree = "<group>"; };
		A495840F6FF4450EA7651953 /* InsightsView.swift */ = {isa = PBXFileReference; lastKnownFileType = sourcecode.swift; name = "InsightsView.swift"; path = "Dawt/Features/Insights/InsightsView.swift"; sourceTree = "<group>"; };
		F007F5130CBD48D8894C064B /* OnboardingFlowView.swift */ = {isa = PBXFileReference; lastKnownFileType = sourcecode.swift; name = "OnboardingFlowView.swift"; path = "Dawt/Features/Onboarding/OnboardingFlowView.swift"; sourceTree = "<group>"; };
		4CA85BA221E5455FB850473F /* SettingsView.swift */ = {isa = PBXFileReference; lastKnownFileType = sourcecode.swift; name = "SettingsView.swift"; path = "Dawt/Features/Settings/SettingsView.swift"; sourceTree = "<group>"; };
		5766DFD6AA0044B48F71411E /* TodayView.swift */ = {isa = PBXFileReference; lastKnownFileType = sourcecode.swift; name = "TodayView.swift"; path = "Dawt/Features/Today/TodayView.swift"; sourceTree = "<group>"; };
		D6589159AC784D0589F0EB81 /* Models.swift */ = {isa = PBXFileReference; lastKnownFileType = sourcecode.swift; name = "Models.swift"; path = "Dawt/Models/Models.swift"; sourceTree = "<group>"; };
		03843E2A27F245A09198E0F5 /* AIProvider.swift */ = {isa = PBXFileReference; lastKnownFileType = sourcecode.swift; name = "AIProvider.swift"; path = "Dawt/Services/AI/AIProvider.swift"; sourceTree = "<group>"; };
		569E61B650774854BA24C6C6 /* AppleOnDeviceProvider.swift */ = {isa = PBXFileReference; lastKnownFileType = sourcecode.swift; name = "AppleOnDeviceProvider.swift"; path = "Dawt/Services/AI/AppleOnDeviceProvider.swift"; sourceTree = "<group>"; };
		999D7896E6E54848AAFE96D0 /* GatewayAIProvider.swift */ = {isa = PBXFileReference; lastKnownFileType = sourcecode.swift; name = "GatewayAIProvider.swift"; path = "Dawt/Services/AI/GatewayAIProvider.swift"; sourceTree = "<group>"; };
		E92C8FEA0EDB4FE1BF725A4B /* MockAIProvider.swift */ = {isa = PBXFileReference; lastKnownFileType = sourcecode.swift; name = "MockAIProvider.swift"; path = "Dawt/Services/AI/MockAIProvider.swift"; sourceTree = "<group>"; };
		FC3642B5ABEA4196A74EAD83 /* OpenCompatibleProvider.swift */ = {isa = PBXFileReference; lastKnownFileType = sourcecode.swift; name = "OpenCompatibleProvider.swift"; path = "Dawt/Services/AI/OpenCompatibleProvider.swift"; sourceTree = "<group>"; };
		5270C197213540A896B3F0B1 /* CyclePredictionEngine.swift */ = {isa = PBXFileReference; lastKnownFileType = sourcecode.swift; name = "CyclePredictionEngine.swift"; path = "Dawt/Services/CyclePredictionEngine.swift"; sourceTree = "<group>"; };
		682CF7E18A2F4A5E83CB8E00 /* InsightEngine.swift */ = {isa = PBXFileReference; lastKnownFileType = sourcecode.swift; name = "InsightEngine.swift"; path = "Dawt/Services/InsightEngine.swift"; sourceTree = "<group>"; };
		1449F8181E5A4068BB9078D5 /* LocalStore.swift */ = {isa = PBXFileReference; lastKnownFileType = sourcecode.swift; name = "LocalStore.swift"; path = "Dawt/Services/LocalStore.swift"; sourceTree = "<group>"; };
		695F838A3D2F4794A6AA3B47 /* NotificationScheduler.swift */ = {isa = PBXFileReference; lastKnownFileType = sourcecode.swift; name = "NotificationScheduler.swift"; path = "Dawt/Services/NotificationScheduler.swift"; sourceTree = "<group>"; };
		A9F6D4EC15B947B6A356A407 /* AuthService.swift */ = {isa = PBXFileReference; lastKnownFileType = sourcecode.swift; name = "AuthService.swift"; path = "Dawt/Services/Supabase/AuthService.swift"; sourceTree = "<group>"; };
		24EF8BE8BA5F4CA397F30F85 /* PartnerService.swift */ = {isa = PBXFileReference; lastKnownFileType = sourcecode.swift; name = "PartnerService.swift"; path = "Dawt/Services/Supabase/PartnerService.swift"; sourceTree = "<group>"; };
		26086E2730D84244A03D6A38 /* SupabaseClient.swift */ = {isa = PBXFileReference; lastKnownFileType = sourcecode.swift; name = "SupabaseClient.swift"; path = "Dawt/Services/Supabase/SupabaseClient.swift"; sourceTree = "<group>"; };
		B05868010C024A68A670A6F0 /* SupabaseConfig.swift */ = {isa = PBXFileReference; lastKnownFileType = sourcecode.swift; name = "SupabaseConfig.swift"; path = "Dawt/Services/Supabase/SupabaseConfig.swift"; sourceTree = "<group>"; };
		B13D7352D998412D9568E768 /* SymptomCatalog.swift */ = {isa = PBXFileReference; lastKnownFileType = sourcecode.swift; name = "SymptomCatalog.swift"; path = "Dawt/Services/SymptomCatalog.swift"; sourceTree = "<group>"; };
		7C4957D86C19430DB6CBEF36 /* SyncService.swift */ = {isa = PBXFileReference; lastKnownFileType = sourcecode.swift; name = "SyncService.swift"; path = "Dawt/Services/SyncService.swift"; sourceTree = "<group>"; };
		1849EE64180445DDBCEF2E65 /* TrendsEngine.swift */ = {isa = PBXFileReference; lastKnownFileType = sourcecode.swift; name = "TrendsEngine.swift"; path = "Dawt/Services/TrendsEngine.swift"; sourceTree = "<group>"; };
		B986EA6363644ACCA32602DE /* CyclePredictionEngineTests.swift */ = {isa = PBXFileReference; lastKnownFileType = sourcecode.swift; name = "CyclePredictionEngineTests.swift"; path = "../../Tests/DawtTests/CyclePredictionEngineTests.swift"; sourceTree = "<group>"; };
		DEE464EDAC364D9FBEBCE900 /* Assets.xcassets */ = {isa = PBXFileReference; lastKnownFileType = folder.assetcatalog; path = Dawt/Assets.xcassets; sourceTree = "<group>"; };
		579A1D90FA604F30A912D932 /* Info.plist */ = {isa = PBXFileReference; lastKnownFileType = text.plist.xml; path = Dawt/Info.plist; sourceTree = "<group>"; };
		4071237CBFAF432A834F3B44 /* Dawt.entitlements */ = {isa = PBXFileReference; lastKnownFileType = text.plist.entitlements; path = Dawt/Dawt.entitlements; sourceTree = "<group>"; };
		45920457CD044B3890242EDC /* Config.xcconfig */ = {isa = PBXFileReference; lastKnownFileType = text.xcconfig; path = Config.xcconfig; sourceTree = "<group>"; };
		3C29019DC2514F40BEE66B3A /* Dawt.app */ = {isa = PBXFileReference; explicitFileType = wrapper.application; includeInIndex = 0; path = Dawt.app; sourceTree = BUILT_PRODUCTS_DIR; };
		A73A98F4A1FD440181502BBB /* DawtTests.xctest */ = {isa = PBXFileReference; explicitFileType = wrapper.cfbundle; includeInIndex = 0; path = DawtTests.xctest; sourceTree = BUILT_PRODUCTS_DIR; };
/* End PBXFileReference section */

/* Begin PBXFrameworksBuildPhase section */
		425943110CB94E20A4E7DEDF /* Frameworks */ = {isa = PBXFrameworksBuildPhase; buildActionMask = 2147483647; files = (); runOnlyForDeploymentPostprocessing = 0; };
		D04B1263C0AA42CAA44AE424 /* Frameworks */ = {isa = PBXFrameworksBuildPhase; buildActionMask = 2147483647; files = (); runOnlyForDeploymentPostprocessing = 0; };
/* End PBXFrameworksBuildPhase section */

/* Begin PBXGroup section */
		9A276404C5A34E0586A42E6D = {
			isa = PBXGroup;
			children = (
				10C115D2303742F881C91B5A /* Sources */,
				67DE6FD465E44317A2B6F775 /* Tests */,
				DEE464EDAC364D9FBEBCE900 /* Assets.xcassets */,
				579A1D90FA604F30A912D932 /* Info.plist */,
				4071237CBFAF432A834F3B44 /* Dawt.entitlements */,
				45920457CD044B3890242EDC /* Config.xcconfig */,
				1EFF89FF3C8D44DB8C80AF3D /* Products */,
			);
			sourceTree = "<group>";
		};
		1EFF89FF3C8D44DB8C80AF3D /* Products */ = {
			isa = PBXGroup;
			children = (
				3C29019DC2514F40BEE66B3A /* Dawt.app */,
				A73A98F4A1FD440181502BBB /* DawtTests.xctest */,
			);
			name = Products;
			sourceTree = "<group>";
		};
		10C115D2303742F881C91B5A /* Sources */ = {
			isa = PBXGroup;
			children = (
				B7EC90B7D7C143F785CE85DA /* AppState.swift */,
				FEDC2CC101C14122BC4A3CDB /* DawtApp.swift */,
				7705C8C913EC47989B065F59 /* RootView.swift */,
				00F09AF8DEB541E9A86AEC1E /* DesignTokens.swift */,
				40C42FBE99014050B141AE81 /* AccountViews.swift */,
				0806499315664DD4B45EA1D8 /* AssistantView.swift */,
				51B5F0B8D1FE41D88EECA251 /* CalendarView.swift */,
				C8C78A5CC43B44DD99EA0F22 /* DayLogView.swift */,
				A495840F6FF4450EA7651953 /* InsightsView.swift */,
				F007F5130CBD48D8894C064B /* OnboardingFlowView.swift */,
				4CA85BA221E5455FB850473F /* SettingsView.swift */,
				5766DFD6AA0044B48F71411E /* TodayView.swift */,
				D6589159AC784D0589F0EB81 /* Models.swift */,
				03843E2A27F245A09198E0F5 /* AIProvider.swift */,
				569E61B650774854BA24C6C6 /* AppleOnDeviceProvider.swift */,
				999D7896E6E54848AAFE96D0 /* GatewayAIProvider.swift */,
				E92C8FEA0EDB4FE1BF725A4B /* MockAIProvider.swift */,
				FC3642B5ABEA4196A74EAD83 /* OpenCompatibleProvider.swift */,
				5270C197213540A896B3F0B1 /* CyclePredictionEngine.swift */,
				682CF7E18A2F4A5E83CB8E00 /* InsightEngine.swift */,
				1449F8181E5A4068BB9078D5 /* LocalStore.swift */,
				695F838A3D2F4794A6AA3B47 /* NotificationScheduler.swift */,
				A9F6D4EC15B947B6A356A407 /* AuthService.swift */,
				24EF8BE8BA5F4CA397F30F85 /* PartnerService.swift */,
				26086E2730D84244A03D6A38 /* SupabaseClient.swift */,
				B05868010C024A68A670A6F0 /* SupabaseConfig.swift */,
				B13D7352D998412D9568E768 /* SymptomCatalog.swift */,
				7C4957D86C19430DB6CBEF36 /* SyncService.swift */,
				1849EE64180445DDBCEF2E65 /* TrendsEngine.swift */,
			);
			name = Sources;
			sourceTree = "<group>";
		};
		67DE6FD465E44317A2B6F775 /* Tests */ = {
			isa = PBXGroup;
			children = (
				B986EA6363644ACCA32602DE /* CyclePredictionEngineTests.swift */,
			);
			name = Tests;
			sourceTree = "<group>";
		};
/* End PBXGroup section */

/* Begin PBXNativeTarget section */
		B454FB5660A84E34B2E993BD /* Dawt */ = {
			isa = PBXNativeTarget;
			buildConfigurationList = C4D4A60FFE074BBD9DB8F69C /* Build configuration list for PBXNativeTarget "Dawt" */;
			buildPhases = (
				5556670984B14A68A4AEBBD7 /* Sources */,
				425943110CB94E20A4E7DEDF /* Frameworks */,
				8A793505BAD84830BEFDA736 /* Resources */,
			);
			buildRules = ();
			dependencies = ();
			name = Dawt;
			productName = Dawt;
			productReference = 3C29019DC2514F40BEE66B3A /* Dawt.app */;
			productType = "com.apple.product-type.application";
		};
		8A04E3839AA24D5097351F66 /* DawtTests */ = {
			isa = PBXNativeTarget;
			buildConfigurationList = 374F6985C7E64C9FAF3BE1C9 /* Build configuration list for PBXNativeTarget "DawtTests" */;
			buildPhases = (
				CB5F83ECE567406996EC33A2 /* Sources */,
				D04B1263C0AA42CAA44AE424 /* Frameworks */,
			);
			buildRules = ();
			dependencies = (
				4E81968D307E4E7E9F845916 /* PBXTargetDependency */,
			);
			name = DawtTests;
			productName = DawtTests;
			productReference = A73A98F4A1FD440181502BBB /* DawtTests.xctest */;
			productType = "com.apple.product-type.bundle.unit-test";
		};
/* End PBXNativeTarget section */

/* Begin PBXProject section */
		64A392F797364EB196DFF25C /* Project object */ = {
			isa = PBXProject;
			attributes = {
				BuildIndependentTargetsInParallel = 1;
				LastSwiftUpdateCheck = 1600;
				LastUpgradeCheck = 1600;
				TargetAttributes = {
					B454FB5660A84E34B2E993BD = { CreatedOnToolsVersion = 16.0; };
					8A04E3839AA24D5097351F66 = { CreatedOnToolsVersion = 16.0; TestTargetID = B454FB5660A84E34B2E993BD; };
				};
			};
			buildConfigurationList = CA351DEF151B4799849CA404 /* Build configuration list for PBXProject "Dawt" */;
			compatibilityVersion = "Xcode 14.0";
			developmentRegion = en;
			hasScannedForEncodings = 0;
			knownRegions = (en, Base);
			mainGroup = 9A276404C5A34E0586A42E6D;
			productRefGroup = 1EFF89FF3C8D44DB8C80AF3D /* Products */;
			projectDirPath = "";
			projectRoot = "";
			targets = (
				B454FB5660A84E34B2E993BD /* Dawt */,
				8A04E3839AA24D5097351F66 /* DawtTests */,
			);
		};
/* End PBXProject section */

/* Begin PBXResourcesBuildPhase section */
		8A793505BAD84830BEFDA736 /* Resources */ = {
			isa = PBXResourcesBuildPhase;
			buildActionMask = 2147483647;
			files = (
				4351226A9D4D45FA9EAFB6E6 /* Assets.xcassets in Resources */,
			);
			runOnlyForDeploymentPostprocessing = 0;
		};
/* End PBXResourcesBuildPhase section */

/* Begin PBXSourcesBuildPhase section */
		5556670984B14A68A4AEBBD7 /* Sources */ = {
			isa = PBXSourcesBuildPhase;
			buildActionMask = 2147483647;
			files = (
				FD47F4A565BC405981C064D6 /* in Sources */,
				D09D246F6B0C423681BE213A /* in Sources */,
				64E163DBC1D845FABCC9B721 /* in Sources */,
				546CC9C8CBBB406589708502 /* in Sources */,
				744C2314C4B8498ABDE61C0D /* in Sources */,
				EE7DA96954E64352ACB90932 /* in Sources */,
				8A93119D1345463A958DC153 /* in Sources */,
				B13857E5EA7D4C6FA6CE1310 /* in Sources */,
				AB0B0A01340F4623A518174E /* in Sources */,
				BBF84CF49C0E4952BB6D43BD /* in Sources */,
				2AD251683BFF4A0CAACF9E36 /* in Sources */,
				F98E26660F4940AB8BC36FE8 /* in Sources */,
				17C54583F8A443D0B408052A /* in Sources */,
				D2F8AF1BF40F4BDDBD6EB91E /* in Sources */,
				2CBD723CEC0B4085851AA1F5 /* in Sources */,
				CCEE003801E940C09E94EB79 /* in Sources */,
				332A81CB67354B5CA6F6FB03 /* in Sources */,
				F4E9AB3E5F0C42F68D9F6E78 /* in Sources */,
				8FC49D1F48794DDEB765FE76 /* in Sources */,
				BD325646014F44DE85EDF4A9 /* in Sources */,
				0E93EFEB6DE343CE9E7CC31B /* in Sources */,
				75B2CF71AF074762A42BC287 /* in Sources */,
				2FAC4FA2F2E840BBA75EC938 /* in Sources */,
				36F7449EB9304B2F949FE215 /* in Sources */,
				6073A5BAF6EC488BAD235C0D /* in Sources */,
				470B8F72C1994F60B3BFCAE1 /* in Sources */,
				49C19886CE1144E8B18F5F30 /* in Sources */,
				9985FE182ED94AABB700CC28 /* in Sources */,
				4066A31FB824463297881EEB /* in Sources */,
			);
			runOnlyForDeploymentPostprocessing = 0;
		};
		CB5F83ECE567406996EC33A2 /* Sources */ = {
			isa = PBXSourcesBuildPhase;
			buildActionMask = 2147483647;
			files = (
				6F8F826645ED439AA5FD9A15 /* in Sources */,
			);
			runOnlyForDeploymentPostprocessing = 0;
		};
/* End PBXSourcesBuildPhase section */

/* Begin XCBuildConfiguration section */
		A534BE1DF81B47E9A790D06D /* Debug */ = {
			isa = XCBuildConfiguration;
			buildSettings = {
				ALWAYS_SEARCH_USER_PATHS = NO;
				CLANG_ENABLE_MODULES = YES;
				IPHONEOS_DEPLOYMENT_TARGET = 17.0;
				ONLY_ACTIVE_ARCH = YES;
				SDKROOT = iphoneos;
				SWIFT_ACTIVE_COMPILATION_CONDITIONS = "DEBUG $(inherited)";
				SWIFT_OPTIMIZATION_LEVEL = "-Onone";
			};
			name = Debug;
		};
		2BD0E87393CE4751923C61F3 /* Release */ = {
			isa = XCBuildConfiguration;
			buildSettings = {
				ALWAYS_SEARCH_USER_PATHS = NO;
				CLANG_ENABLE_MODULES = YES;
				IPHONEOS_DEPLOYMENT_TARGET = 17.0;
				SDKROOT = iphoneos;
				SWIFT_COMPILATION_MODE = wholemodule;
			};
			name = Release;
		};
		35CA19343BA64427A3A4E9E7 /* Debug */ = {
			isa = XCBuildConfiguration;
			baseConfigurationReference = 45920457CD044B3890242EDC /* Config.xcconfig */;
			buildSettings = {
				ASSETCATALOG_COMPILER_APPICON_NAME = AppIcon;
				CODE_SIGN_ENTITLEMENTS = Dawt/Dawt.entitlements;
				CODE_SIGN_STYLE = Automatic;
				CURRENT_PROJECT_VERSION = 1;
				DEVELOPMENT_TEAM = N383VU93DN;
				GENERATE_INFOPLIST_FILE = NO;
				INFOPLIST_FILE = Dawt/Info.plist;
				LD_RUNPATH_SEARCH_PATHS = ("$(inherited)", "@executable_path/Frameworks");
				MARKETING_VERSION = 0.1.0;
				PRODUCT_BUNDLE_IDENTIFIER = app.dawt.cycle;
				PRODUCT_NAME = "$(TARGET_NAME)";
				SUPPORTED_PLATFORMS = "iphoneos iphonesimulator";
				SWIFT_EMIT_LOC_STRINGS = YES;
				SWIFT_VERSION = 5.0;
				TARGETED_DEVICE_FAMILY = 1;
			};
			name = Debug;
		};
		48A26E7C673E407F9FD8285A /* Release */ = {
			isa = XCBuildConfiguration;
			baseConfigurationReference = 45920457CD044B3890242EDC /* Config.xcconfig */;
			buildSettings = {
				ASSETCATALOG_COMPILER_APPICON_NAME = AppIcon;
				CODE_SIGN_ENTITLEMENTS = Dawt/Dawt.entitlements;
				CODE_SIGN_STYLE = Automatic;
				CURRENT_PROJECT_VERSION = 1;
				DEVELOPMENT_TEAM = N383VU93DN;
				GENERATE_INFOPLIST_FILE = NO;
				INFOPLIST_FILE = Dawt/Info.plist;
				LD_RUNPATH_SEARCH_PATHS = ("$(inherited)", "@executable_path/Frameworks");
				MARKETING_VERSION = 0.1.0;
				PRODUCT_BUNDLE_IDENTIFIER = app.dawt.cycle;
				PRODUCT_NAME = "$(TARGET_NAME)";
				SUPPORTED_PLATFORMS = "iphoneos iphonesimulator";
				SWIFT_EMIT_LOC_STRINGS = YES;
				SWIFT_VERSION = 5.0;
				TARGETED_DEVICE_FAMILY = 1;
			};
			name = Release;
		};
		50B9A44744C043FA857B9285 /* Debug */ = {
			isa = XCBuildConfiguration;
			buildSettings = {
				BUNDLE_LOADER = "$(TEST_HOST)";
				CODE_SIGN_STYLE = Automatic;
				DEVELOPMENT_TEAM = N383VU93DN;
				GENERATE_INFOPLIST_FILE = YES;
				IPHONEOS_DEPLOYMENT_TARGET = 17.0;
				PRODUCT_BUNDLE_IDENTIFIER = app.dawt.cycle.tests;
				PRODUCT_NAME = "$(TARGET_NAME)";
				SWIFT_VERSION = 5.0;
				TARGETED_DEVICE_FAMILY = 1;
				TEST_HOST = "$(BUILT_PRODUCTS_DIR)/Dawt.app/$(BUNDLE_EXECUTABLE_FOLDER_PATH)/Dawt";
			};
			name = Debug;
		};
		DBF317D549C540B296C06C46 /* Release */ = {
			isa = XCBuildConfiguration;
			buildSettings = {
				BUNDLE_LOADER = "$(TEST_HOST)";
				CODE_SIGN_STYLE = Automatic;
				DEVELOPMENT_TEAM = N383VU93DN;
				GENERATE_INFOPLIST_FILE = YES;
				IPHONEOS_DEPLOYMENT_TARGET = 17.0;
				PRODUCT_BUNDLE_IDENTIFIER = app.dawt.cycle.tests;
				PRODUCT_NAME = "$(TARGET_NAME)";
				SWIFT_VERSION = 5.0;
				TARGETED_DEVICE_FAMILY = 1;
				TEST_HOST = "$(BUILT_PRODUCTS_DIR)/Dawt.app/$(BUNDLE_EXECUTABLE_FOLDER_PATH)/Dawt";
			};
			name = Release;
		};
/* End XCBuildConfiguration section */

/* Begin XCConfigurationList section */
		CA351DEF151B4799849CA404 /* Build configuration list for PBXProject "Dawt" */ = {
			isa = XCConfigurationList;
			buildConfigurations = (A534BE1DF81B47E9A790D06D /* Debug */, 2BD0E87393CE4751923C61F3 /* Release */);
			defaultConfigurationIsVisible = 0;
			defaultConfigurationName = Release;
		};
		C4D4A60FFE074BBD9DB8F69C /* Build configuration list for PBXNativeTarget "Dawt" */ = {
			isa = XCConfigurationList;
			buildConfigurations = (35CA19343BA64427A3A4E9E7 /* Debug */, 48A26E7C673E407F9FD8285A /* Release */);
			defaultConfigurationIsVisible = 0;
			defaultConfigurationName = Release;
		};
		374F6985C7E64C9FAF3BE1C9 /* Build configuration list for PBXNativeTarget "DawtTests" */ = {
			isa = XCConfigurationList;
			buildConfigurations = (50B9A44744C043FA857B9285 /* Debug */, DBF317D549C540B296C06C46 /* Release */);
			defaultConfigurationIsVisible = 0;
			defaultConfigurationName = Release;
		};
/* End XCConfigurationList section */
	};
	rootObject = 64A392F797364EB196DFF25C /* Project object */;
}
